
Microsoft Visual Studio Solution File, Format Version 12.00
Project("{FAE04EC0-301F-11D3-BF4B-00C04F79EFBC}") = "Muskartech.QRMenu.API", "Muskartech.QRMenu.API\Muskartech.QRMenu.API.csproj", "{B271D2B8-FD61-4993-820A-362EAD776583}"
EndProject
Global
	GlobalSection(SolutionConfigurationPlatforms) = preSolution
		Debug|Any CPU = Debug|Any CPU
		Release|Any CPU = Release|Any CPU
	EndGlobalSection
	GlobalSection(ProjectConfigurationPlatforms) = postSolution
		{B271D2B8-FD61-4993-820A-362EAD776583}.Debug|Any CPU.ActiveCfg = Debug|Any CPU
		{B271D2B8-FD61-4993-820A-362EAD776583}.Debug|Any CPU.Build.0 = Debug|Any CPU
		{B271D2B8-FD61-4993-820A-362EAD776583}.Release|Any CPU.ActiveCfg = Release|Any CPU
		{B271D2B8-FD61-4993-820A-362EAD776583}.Release|Any CPU.Build.0 = Release|Any CPU
	EndGlobalSection
EndGlobal
